
Microsoft Visual Studio Solution File, Format Version 12.00
# Visual Studio Version 17
VisualStudioVersion = 17.9.34723.18
MinimumVisualStudioVersion = 10.0.40219.1
Project("{FAE04EC0-301F-11D3-BF4B-00C04F79EFBC}") = "BookRenting", "BookRenting\BookRenting.csproj", "{17E57ADE-4F79-442B-81E2-C7615E3AB4EE}"
EndProject
Global
	GlobalSection(SolutionConfigurationPlatforms) = preSolution
		Debug|Any CPU = Debug|Any CPU
		Release|Any CPU = Release|Any CPU
	EndGlobalSection
	GlobalSection(ProjectConfigurationPlatforms) = postSolution
		{17E57ADE-4F79-442B-81E2-C7615E3AB4EE}.Debug|Any CPU.ActiveCfg = Debug|Any CPU
		{17E57ADE-4F79-442B-81E2-C7615E3AB4EE}.Debug|Any CPU.Build.0 = Debug|Any CPU
		{17E57ADE-4F79-442B-81E2-C7615E3AB4EE}.Release|Any CPU.ActiveCfg = Release|Any CPU
		{17E57ADE-4F79-442B-81E2-C7615E3AB4EE}.Release|Any CPU.Build.0 = Release|Any CPU
	EndGlobalSection
	GlobalSection(SolutionProperties) = preSolution
		HideSolutionNode = FALSE
	EndGlobalSection
	GlobalSection(ExtensibilityGlobals) = postSolution
		SolutionGuid = {923B13C0-E31A-4536-B77E-58635FD0C95A}
	EndGlobalSection
EndGlobal
